{
  "version": 4,
  "terraform_version": "1.3.6",
  "serial": 9,
  "lineage": "c394d5e3-de15-12a5-b907-2c4cfb87907a",
  "outputs": {
    "authorized_network": {
      "value": "192.10.10.10/32",
      "type": "string"
    },
    "name": {
      "value": "tf-mysql-ha-cbfab977",
      "type": "string"
    },
    "project_id": {
      "value": "niveus-delivery-products",
      "type": "string"
    }
  },
  "resources": [
    {
      "module": "module.mysql",
      "mode": "managed",
      "type": "google_sql_database",
      "name": "additional_databases",
      "provider": "provider[\"registry.terraform.io/hashicorp/google\"]",
      "instances": [
        {
          "index_key": "tf-mysql-ha-additional",
          "schema_version": 0,
          "attributes": {
            "charset": "utf8mb4",
            "collation": "utf8mb4_general_ci",
            "id": "projects/niveus-delivery-products/instances/tf-mysql-ha-cbfab977/databases/tf-mysql-ha-additional",
            "instance": "tf-mysql-ha-cbfab977",
            "name": "tf-mysql-ha-additional",
            "project": "niveus-delivery-products",
            "self_link": "https://sqladmin.googleapis.com/sql/v1beta4/projects/niveus-delivery-products/instances/tf-mysql-ha-cbfab977/databases/tf-mysql-ha-additional",
            "timeouts": null
          },
          "sensitive_attributes": [],
          "private": "eyJlMmJmYjczMC1lY2FhLTExZTYtOGY4OC0zNDM2M2JjN2M0YzAiOnsiY3JlYXRlIjo5MDAwMDAwMDAwMDAsImRlbGV0ZSI6NjAwMDAwMDAwMDAwLCJ1cGRhdGUiOjYwMDAwMDAwMDAwMH19",
          "dependencies": [
            "module.mysql.google_sql_database_instance.default",
            "module.mysql.null_resource.module_depends_on",
            "module.mysql.random_id.suffix"
          ]
        }
      ]
    },
    {
      "module": "module.mysql",
      "mode": "managed",
      "type": "google_sql_database",
      "name": "default",
      "provider": "provider[\"registry.terraform.io/hashicorp/google\"]",
      "instances": [
        {
          "index_key": 0,
          "schema_version": 0,
          "attributes": {
            "charset": "utf8mb4",
            "collation": "utf8mb4_general_ci",
            "id": "projects/niveus-delivery-products/instances/tf-mysql-ha-cbfab977/databases/tf-mysql-ha",
            "instance": "tf-mysql-ha-cbfab977",
            "name": "tf-mysql-ha",
            "project": "niveus-delivery-products",
            "self_link": "https://sqladmin.googleapis.com/sql/v1beta4/projects/niveus-delivery-products/instances/tf-mysql-ha-cbfab977/databases/tf-mysql-ha",
            "timeouts": null
          },
          "sensitive_attributes": [],
          "private": "eyJlMmJmYjczMC1lY2FhLTExZTYtOGY4OC0zNDM2M2JjN2M0YzAiOnsiY3JlYXRlIjo5MDAwMDAwMDAwMDAsImRlbGV0ZSI6NjAwMDAwMDAwMDAwLCJ1cGRhdGUiOjYwMDAwMDAwMDAwMH19",
          "dependencies": [
            "module.mysql.google_sql_database_instance.default",
            "module.mysql.null_resource.module_depends_on",
            "module.mysql.random_id.suffix"
          ]
        }
      ]
    },
    {
      "module": "module.mysql",
      "mode": "managed",
      "type": "google_sql_database_instance",
      "name": "default",
      "provider": "provider[\"registry.terraform.io/hashicorp/google-beta\"]",
      "instances": [
        {
          "schema_version": 0,
          "attributes": {
            "available_maintenance_versions": [],
            "clone": [],
            "connection_name": "niveus-delivery-products:us-central1:tf-mysql-ha-cbfab977",
            "database_version": "MYSQL_5_7",
            "deletion_protection": false,
            "encryption_key_name": null,
            "first_ip_address": "34.135.104.168",
            "id": "tf-mysql-ha-cbfab977",
            "instance_type": "CLOUD_SQL_INSTANCE",
            "ip_address": [
              {
                "ip_address": "34.135.104.168",
                "time_to_retire": "",
                "type": "PRIMARY"
              }
            ],
            "maintenance_version": "MYSQL_5_7_39.R20221108.00_08",
            "master_instance_name": "",
            "name": "tf-mysql-ha-cbfab977",
            "private_ip_address": "",
            "project": "niveus-delivery-products",
            "public_ip_address": "34.135.104.168",
            "region": "us-central1",
            "replica_configuration": [],
            "restore_backup_context": [],
            "root_password": null,
            "self_link": "https://sqladmin.googleapis.com/sql/v1beta4/projects/niveus-delivery-products/instances/tf-mysql-ha-cbfab977",
            "server_ca_cert": [
              {
                "cert": "-----BEGIN CERTIFICATE-----\nMIIDfzCCAmegAwIBAgIBADANBgkqhkiG9w0BAQsFADB3MS0wKwYDVQQuEyRlNWNi\nMDQ1Yi0wZmQ4LTQ0NTktYTc0NS0wZGFhNDdmMGNkNTIxIzAhBgNVBAMTGkdvb2ds\nZSBDbG91ZCBTUUwgU2VydmVyIENBMRQwEgYDVQQKEwtHb29nbGUsIEluYzELMAkG\nA1UEBhMCVVMwHhcNMjMwMjIyMDM0NDU2WhcNMzMwMjE5MDM0NTU2WjB3MS0wKwYD\nVQQuEyRlNWNiMDQ1Yi0wZmQ4LTQ0NTktYTc0NS0wZGFhNDdmMGNkNTIxIzAhBgNV\nBAMTGkdvb2dsZSBDbG91ZCBTUUwgU2VydmVyIENBMRQwEgYDVQQKEwtHb29nbGUs\nIEluYzELMAkGA1UEBhMCVVMwggEiMA0GCSqGSIb3DQEBAQUAA4IBDwAwggEKAoIB\nAQCJOMUVn/ndshZZgBFkJq4YjsOaO7mQViMbRuW7BS3DJoc2yTcLXQQebIDTXmls\nYzJAZkT/fbdkWJYuYzbnR7NmADHMyx68+iqcP15NocbT1lD0xVm4jAbJXFHG99kJ\nbuwB6bS/EpNfPeAGy87FG5a6JF8a6Dy/aFEDXi/SF//8Vm4hv9In6Hoy163R66ll\npvKC0+zFslFSpN9oeUIpzpEjManrmNyvUlf8s15MyV3Sgcwzg6C3Kj7jqEDQq+re\n9EcaOC8of+vxhLxcEctt2bkL55aOX6iMGrBGKsd1T2s5rB3QZcP/u/JJj2goKK6R\npiClhdsMDZQTohjJsqU6UMFHAgMBAAGjFjAUMBIGA1UdEwEB/wQIMAYBAf8CAQAw\nDQYJKoZIhvcNAQELBQADggEBAE3SO0bdSLUXoHQumR1jQlc7626u0Xx2sJss106g\nV5dQoDe+Rhv/E1z01S3nsHFzjNOZrY+0yRk46JzHujWsWU4UrHkjGYIqu5IW4o6E\nbmKxGLBYD5d7NUtD5OrqLxN6LvFrDvTOISOT3En3j2c9wN0L/fZiTGOGrCpwAVng\nTTHjMyxNGAevO9xkhbUXuRtOnsvGXl03AVxPCcEULdelPErVV5Dlw2RzQ4R9Qg2C\nLMF7o8boznPZPDmulDvlzuSll1gu3Q7yq8TK4ULHDLufYC9VIBwSyTMCpKybthq2\n/MU57Clpx8eBcVXmWzclASy9mvoABQSSO7GxhGF7q/XaoCw=\n-----END CERTIFICATE-----",
                "common_name": "C=US,O=Google\\, Inc,CN=Google Cloud SQL Server CA,dnQualifier=e5cb045b-0fd8-4459-a745-0daa47f0cd52",
                "create_time": "2023-02-22T03:44:56.582Z",
                "expiration_time": "2033-02-19T03:45:56.582Z",
                "sha1_fingerprint": "7d54de3d7e393ae729441a86018a482c644cb672"
              }
            ],
            "service_account_email_address": "p707257001783-0dla8p@gcp-sa-cloud-sql.iam.gserviceaccount.com",
            "settings": [
              {
                "activation_policy": "ALWAYS",
                "active_directory_config": [],
                "availability_type": "REGIONAL",
                "backup_configuration": [
                  {
                    "backup_retention_settings": [
                      {
                        "retained_backups": 7,
                        "retention_unit": "COUNT"
                      }
                    ],
                    "binary_log_enabled": true,
                    "enabled": true,
                    "location": "",
                    "point_in_time_recovery_enabled": false,
                    "start_time": "20:55",
                    "transaction_log_retention_days": 7
                  }
                ],
                "collation": "",
                "connector_enforcement": "NOT_REQUIRED",
                "database_flags": [
                  {
                    "name": "long_query_time",
                    "value": "1"
                  }
                ],
                "deletion_protection_enabled": false,
                "deny_maintenance_period": [],
                "disk_autoresize": true,
                "disk_autoresize_limit": 0,
                "disk_size": 10,
                "disk_type": "PD_SSD",
                "insights_config": [],
                "ip_configuration": [
                  {
                    "allocated_ip_range": "",
                    "authorized_networks": [
                      {
                        "expiration_time": "",
                        "name": "niveus-delivery-products-cidr",
                        "value": "192.10.10.10/32"
                      }
                    ],
                    "enable_private_path_for_google_cloud_services": false,
                    "ipv4_enabled": true,
                    "private_network": "",
                    "require_ssl": true
                  }
                ],
                "location_preference": [
                  {
                    "follow_gae_application": "",
                    "secondary_zone": "",
                    "zone": "us-central1-c"
                  }
                ],
                "maintenance_window": [
                  {
                    "day": 7,
                    "hour": 12,
                    "update_track": "stable"
                  }
                ],
                "password_validation_policy": [],
                "pricing_plan": "PER_USE",
                "sql_server_audit_config": [],
                "tier": "db-n1-standard-1",
                "time_zone": "",
                "user_labels": {
                  "foo": "bar"
                },
                "version": 4
              }
            ],
            "timeouts": {
              "create": "10m",
              "delete": "10m",
              "update": "10m"
            }
          },
          "sensitive_attributes": [],
          "private": "eyJlMmJmYjczMC1lY2FhLTExZTYtOGY4OC0zNDM2M2JjN2M0YzAiOnsiY3JlYXRlIjo2MDAwMDAwMDAwMDAsImRlbGV0ZSI6NjAwMDAwMDAwMDAwLCJ1cGRhdGUiOjYwMDAwMDAwMDAwMH19",
          "dependencies": [
            "module.mysql.null_resource.module_depends_on",
            "module.mysql.random_id.suffix"
          ]
        }
      ]
    },
    {
      "module": "module.mysql",
      "mode": "managed",
      "type": "google_sql_database_instance",
      "name": "replicas",
      "provider": "provider[\"registry.terraform.io/hashicorp/google\"]",
      "instances": []
    },
    {
      "module": "module.mysql",
      "mode": "managed",
      "type": "google_sql_user",
      "name": "additional_users",
      "provider": "provider[\"registry.terraform.io/hashicorp/google\"]",
      "instances": [
        {
          "index_key": "tftest2",
          "schema_version": 1,
          "attributes": {
            "deletion_policy": null,
            "host": "localhost",
            "id": "tftest2/localhost/tf-mysql-ha-cbfab977",
            "instance": "tf-mysql-ha-cbfab977",
            "name": "tftest2",
            "password": "abcdefg",
            "project": "niveus-delivery-products",
            "timeouts": null,
            "type": ""
          },
          "sensitive_attributes": [],
          "private": "eyJlMmJmYjczMC1lY2FhLTExZTYtOGY4OC0zNDM2M2JjN2M0YzAiOnsiY3JlYXRlIjo2MDAwMDAwMDAwMDAsImRlbGV0ZSI6NjAwMDAwMDAwMDAwLCJ1cGRhdGUiOjYwMDAwMDAwMDAwMH0sInNjaGVtYV92ZXJzaW9uIjoiMSJ9",
          "dependencies": [
            "module.mysql.google_sql_database_instance.default",
            "module.mysql.null_resource.module_depends_on",
            "module.mysql.random_id.suffix",
            "module.mysql.random_id.user-password"
          ]
        },
        {
          "index_key": "tftest3",
          "schema_version": 1,
          "attributes": {
            "deletion_policy": null,
            "host": "localhost",
            "id": "tftest3/localhost/tf-mysql-ha-cbfab977",
            "instance": "tf-mysql-ha-cbfab977",
            "name": "tftest3",
            "password": "abcdefg",
            "project": "niveus-delivery-products",
            "timeouts": null,
            "type": ""
          },
          "sensitive_attributes": [],
          "private": "eyJlMmJmYjczMC1lY2FhLTExZTYtOGY4OC0zNDM2M2JjN2M0YzAiOnsiY3JlYXRlIjo2MDAwMDAwMDAwMDAsImRlbGV0ZSI6NjAwMDAwMDAwMDAwLCJ1cGRhdGUiOjYwMDAwMDAwMDAwMH0sInNjaGVtYV92ZXJzaW9uIjoiMSJ9",
          "dependencies": [
            "module.mysql.google_sql_database_instance.default",
            "module.mysql.null_resource.module_depends_on",
            "module.mysql.random_id.suffix",
            "module.mysql.random_id.user-password"
          ]
        }
      ]
    },
    {
      "module": "module.mysql",
      "mode": "managed",
      "type": "google_sql_user",
      "name": "default",
      "provider": "provider[\"registry.terraform.io/hashicorp/google\"]",
      "instances": [
        {
          "index_key": 0,
          "schema_version": 1,
          "attributes": {
            "deletion_policy": null,
            "host": "%",
            "id": "tftest/%/tf-mysql-ha-cbfab977",
            "instance": "tf-mysql-ha-cbfab977",
            "name": "tftest",
            "password": "foobar",
            "project": "niveus-delivery-products",
            "timeouts": null,
            "type": ""
          },
          "sensitive_attributes": [],
          "private": "eyJlMmJmYjczMC1lY2FhLTExZTYtOGY4OC0zNDM2M2JjN2M0YzAiOnsiY3JlYXRlIjo2MDAwMDAwMDAwMDAsImRlbGV0ZSI6NjAwMDAwMDAwMDAwLCJ1cGRhdGUiOjYwMDAwMDAwMDAwMH0sInNjaGVtYV92ZXJzaW9uIjoiMSJ9",
          "dependencies": [
            "module.mysql.google_sql_database_instance.default",
            "module.mysql.null_resource.module_depends_on",
            "module.mysql.random_id.suffix",
            "module.mysql.random_id.user-password"
          ]
        }
      ]
    },
    {
      "module": "module.mysql",
      "mode": "managed",
      "type": "null_resource",
      "name": "module_depends_on",
      "provider": "provider[\"registry.terraform.io/hashicorp/null\"]",
      "instances": [
        {
          "schema_version": 0,
          "attributes": {
            "id": "1177899938631281811",
            "triggers": {
              "value": "0"
            }
          },
          "sensitive_attributes": [],
          "private": "bnVsbA=="
        }
      ]
    },
    {
      "module": "module.mysql",
      "mode": "managed",
      "type": "random_id",
      "name": "suffix",
      "provider": "provider[\"registry.terraform.io/hashicorp/random\"]",
      "instances": [
        {
          "index_key": 0,
          "schema_version": 0,
          "attributes": {
            "b64": "y_q5dw",
            "b64_std": "y/q5dw==",
            "b64_url": "y_q5dw",
            "byte_length": 4,
            "dec": "3422206327",
            "hex": "cbfab977",
            "id": "y_q5dw",
            "keepers": null,
            "prefix": null
          },
          "sensitive_attributes": [],
          "private": "bnVsbA=="
        }
      ]
    },
    {
      "module": "module.mysql",
      "mode": "managed",
      "type": "random_id",
      "name": "user-password",
      "provider": "provider[\"registry.terraform.io/hashicorp/random\"]",
      "instances": [
        {
          "schema_version": 0,
          "attributes": {
            "b64": "wLVSPI6HVfk",
            "b64_std": "wLVSPI6HVfk=",
            "b64_url": "wLVSPI6HVfk",
            "byte_length": 8,
            "dec": "13886095446109541881",
            "hex": "c0b5523c8e8755f9",
            "id": "wLVSPI6HVfk",
            "keepers": {
              "name": "tf-mysql-ha-cbfab977"
            },
            "prefix": null
          },
          "sensitive_attributes": [],
          "private": "bnVsbA==",
          "dependencies": [
            "module.mysql.google_sql_database_instance.default",
            "module.mysql.null_resource.module_depends_on",
            "module.mysql.random_id.suffix"
          ]
        }
      ]
    }
  ],
  "check_results": null
}
