{
  "version": 4,
  "terraform_version": "1.3.6",
  "serial": 8,
  "lineage": "5cba7e8a-18ea-fc43-6bfd-7be499831178",
  "outputs": {
    "instance_name": {
      "value": "tf-mssql-public-b29d5e73",
      "type": "string"
    },
    "mssql_connection": {
      "value": "niveus-delivery-products:us-central1:tf-mssql-public-b29d5e73",
      "type": "string"
    },
    "project_id": {
      "value": "niveus-delivery-products",
      "type": "string"
    },
    "public_ip_address": {
      "value": "35.184.161.246",
      "type": "string"
    }
  },
  "resources": [
    {
      "module": "module.mssql",
      "mode": "managed",
      "type": "google_sql_database",
      "name": "default",
      "provider": "provider[\"registry.terraform.io/hashicorp/google\"]",
      "instances": [
        {
          "schema_version": 0,
          "attributes": {
            "charset": "",
            "collation": "SQL_Latin1_General_CP1_CI_AS",
            "deletion_policy": "DELETE",
            "id": "projects/niveus-delivery-products/instances/tf-mssql-public-b29d5e73/databases/default",
            "instance": "tf-mssql-public-b29d5e73",
            "name": "default",
            "project": "niveus-delivery-products",
            "self_link": "https://sqladmin.googleapis.com/sql/v1beta4/projects/niveus-delivery-products/instances/tf-mssql-public-b29d5e73/databases/default",
            "timeouts": null
          },
          "sensitive_attributes": [],
          "private": "eyJlMmJmYjczMC1lY2FhLTExZTYtOGY4OC0zNDM2M2JjN2M0YzAiOnsiY3JlYXRlIjoxMjAwMDAwMDAwMDAwLCJkZWxldGUiOjEyMDAwMDAwMDAwMDAsInVwZGF0ZSI6MTIwMDAwMDAwMDAwMH19",
          "dependencies": [
            "module.mssql.google_sql_database_instance.default",
            "module.mssql.google_sql_user.additional_users",
            "module.mssql.google_sql_user.default",
            "module.mssql.null_resource.module_depends_on",
            "module.mssql.random_id.suffix",
            "module.mssql.random_password.root-password",
            "module.mssql.random_password.user-password"
          ]
        }
      ]
    },
    {
      "module": "module.mssql",
      "mode": "managed",
      "type": "google_sql_database_instance",
      "name": "default",
      "provider": "provider[\"registry.terraform.io/hashicorp/google-beta\"]",
      "instances": [
        {
          "schema_version": 0,
          "attributes": {
            "clone": [],
            "connection_name": "niveus-delivery-products:us-central1:tf-mssql-public-b29d5e73",
            "database_version": "SQLSERVER_2017_STANDARD",
            "deletion_protection": false,
            "encryption_key_name": null,
            "first_ip_address": "35.184.161.246",
            "id": "tf-mssql-public-b29d5e73",
            "ip_address": [
              {
                "ip_address": "35.184.161.246",
                "time_to_retire": "",
                "type": "PRIMARY"
              }
            ],
            "master_instance_name": "",
            "name": "tf-mssql-public-b29d5e73",
            "private_ip_address": "",
            "project": "niveus-delivery-products",
            "public_ip_address": "35.184.161.246",
            "region": "us-central1",
            "replica_configuration": [],
            "restore_backup_context": [],
            "root_password": "M:RT$3Oi",
            "self_link": "https://sqladmin.googleapis.com/sql/v1beta4/projects/niveus-delivery-products/instances/tf-mssql-public-b29d5e73",
            "server_ca_cert": [
              {
                "cert": "-----BEGIN CERTIFICATE-----\nMIIDfzCCAmegAwIBAgIBADANBgkqhkiG9w0BAQsFADB3MS0wKwYDVQQuEyQxM2U4\nMDRjOC0wN2E0LTQ1N2ItYjcxNC03MDk5OGZjMWNiNmUxIzAhBgNVBAMTGkdvb2ds\nZSBDbG91ZCBTUUwgU2VydmVyIENBMRQwEgYDVQQKEwtHb29nbGUsIEluYzELMAkG\nA1UEBhMCVVMwHhcNMjMwMjIyMDMyMjQxWhcNMzMwMjE5MDMyMzQxWjB3MS0wKwYD\nVQQuEyQxM2U4MDRjOC0wN2E0LTQ1N2ItYjcxNC03MDk5OGZjMWNiNmUxIzAhBgNV\nBAMTGkdvb2dsZSBDbG91ZCBTUUwgU2VydmVyIENBMRQwEgYDVQQKEwtHb29nbGUs\nIEluYzELMAkGA1UEBhMCVVMwggEiMA0GCSqGSIb3DQEBAQUAA4IBDwAwggEKAoIB\nAQCNSh7nddre667BniaCuSbI8V/tzZFzECFPxI3J1bt3CxV6c9x5/Hb+8+Rl1iU8\nSF5twmusrlXLWaY7yqxnMzqp3TjHA1aKssJFlk+Yq15imd3XvJhaK8iLNfk7pScJ\nw0A8M/FjHEsYpgOVLBMGZj+AAGmOeMbS2SAKbtqZLoc2LKNFY2Nkg9MHUI1dQAap\nKKoMtBn30onn3a2QV4ccvE7lrbmybC6my0S6yHhHMZWuNKIWpChQwNl7KLqhEVuJ\nzr6odtfF7jOTaamgSdzv82Mfg2Bfiwllef5ykYGC0+j/lIv0z1qJHvmC96Yvds4p\n2JSrp9cwGl4qVeFRgnDBLj0bAgMBAAGjFjAUMBIGA1UdEwEB/wQIMAYBAf8CAQAw\nDQYJKoZIhvcNAQELBQADggEBAEwU4BEdmQ1MBy2FZnHP6O/3gi6qLrgryvrg15HF\n4GbNDfloJ5gGWhXAK8IDQ3rWvqrQcFoj1qedJlDks3xdlRQ5SUmpRaqeN8l+sOuf\nDi8hVFmFlGYRZAwXoLXWVETu6eCFppDeArIrfEjtGwOnPxUofcqpAIsC9uIvMAD0\nXGfuN6iZUabofeVJ66XVcOQuBi/LtpETMh8WB5UsQTHxKzC5sAxvv3Le+T36ogKe\nsQQISR5rD/W5dbW8WTw/PVcWpgVTT/4VTVyqgaCc6NqOx8CYc3CpZ9fBBnZIB1nV\nGUEiCH8gYRCFrQQcoMzv8oqAKSDTrnzjQXppstlilpdVK3I=\n-----END CERTIFICATE-----",
                "common_name": "C=US,O=Google\\, Inc,CN=Google Cloud SQL Server CA,dnQualifier=13e804c8-07a4-457b-b714-70998fc1cb6e",
                "create_time": "2023-02-22T03:22:41.536Z",
                "expiration_time": "2033-02-19T03:23:41.536Z",
                "sha1_fingerprint": "15812974ab996ec5eaa08fee2969604e534d6bcb"
              }
            ],
            "service_account_email_address": "p707257001783-d0b4px@gcp-sa-cloud-sql.iam.gserviceaccount.com",
            "settings": [
              {
                "activation_policy": "ALWAYS",
                "authorized_gae_applications": [],
                "availability_type": "ZONAL",
                "backup_configuration": [
                  {
                    "backup_retention_settings": [
                      {
                        "retained_backups": 7,
                        "retention_unit": "COUNT"
                      }
                    ],
                    "binary_log_enabled": false,
                    "enabled": false,
                    "location": "",
                    "point_in_time_recovery_enabled": false,
                    "start_time": "06:00",
                    "transaction_log_retention_days": 7
                  }
                ],
                "collation": "",
                "crash_safe_replication": false,
                "database_flags": [],
                "disk_autoresize": true,
                "disk_autoresize_limit": 0,
                "disk_size": 10,
                "disk_type": "PD_SSD",
                "insights_config": [],
                "ip_configuration": [
                  {
                    "authorized_networks": [],
                    "ipv4_enabled": true,
                    "private_network": "",
                    "require_ssl": false
                  }
                ],
                "location_preference": [
                  {
                    "follow_gae_application": "",
                    "zone": "us-central1-a"
                  }
                ],
                "maintenance_window": [
                  {
                    "day": 1,
                    "hour": 23,
                    "update_track": "canary"
                  }
                ],
                "pricing_plan": "PER_USE",
                "replication_type": "SYNCHRONOUS",
                "tier": "db-custom-2-3840",
                "user_labels": {},
                "version": 1
              }
            ],
            "timeouts": {
              "create": "15m",
              "delete": "30m",
              "update": "15m"
            }
          },
          "sensitive_attributes": [
            [
              {
                "type": "get_attr",
                "value": "root_password"
              }
            ]
          ],
          "private": "eyJlMmJmYjczMC1lY2FhLTExZTYtOGY4OC0zNDM2M2JjN2M0YzAiOnsiY3JlYXRlIjo5MDAwMDAwMDAwMDAsImRlbGV0ZSI6MTgwMDAwMDAwMDAwMCwidXBkYXRlIjo5MDAwMDAwMDAwMDB9fQ==",
          "dependencies": [
            "module.mssql.null_resource.module_depends_on",
            "module.mssql.random_id.suffix",
            "module.mssql.random_password.root-password"
          ]
        }
      ]
    },
    {
      "module": "module.mssql",
      "mode": "managed",
      "type": "google_sql_user",
      "name": "default",
      "provider": "provider[\"registry.terraform.io/hashicorp/google\"]",
      "instances": [
        {
          "schema_version": 1,
          "attributes": {
            "deletion_policy": null,
            "host": "",
            "id": "simpleuser//tf-mssql-public-b29d5e73",
            "instance": "tf-mssql-public-b29d5e73",
            "name": "simpleuser",
            "password": "foobar",
            "password_policy": [],
            "project": "niveus-delivery-products",
            "sql_server_user_details": [
              {
                "disabled": false,
                "server_roles": [
                  "CustomerDbRootRole"
                ]
              }
            ],
            "timeouts": null,
            "type": ""
          },
          "sensitive_attributes": [
            [
              {
                "type": "get_attr",
                "value": "password"
              }
            ]
          ],
          "private": "eyJlMmJmYjczMC1lY2FhLTExZTYtOGY4OC0zNDM2M2JjN2M0YzAiOnsiY3JlYXRlIjo2MDAwMDAwMDAwMDAsImRlbGV0ZSI6NjAwMDAwMDAwMDAwLCJ1cGRhdGUiOjYwMDAwMDAwMDAwMH0sInNjaGVtYV92ZXJzaW9uIjoiMSJ9",
          "dependencies": [
            "module.mssql.google_sql_database_instance.default",
            "module.mssql.null_resource.module_depends_on",
            "module.mssql.random_id.suffix",
            "module.mssql.random_password.root-password",
            "module.mssql.random_password.user-password"
          ]
        }
      ]
    },
    {
      "module": "module.mssql",
      "mode": "managed",
      "type": "null_resource",
      "name": "module_depends_on",
      "provider": "provider[\"registry.terraform.io/hashicorp/null\"]",
      "instances": [
        {
          "schema_version": 0,
          "attributes": {
            "id": "2729861740531569481",
            "triggers": {
              "value": "0"
            }
          },
          "sensitive_attributes": []
        }
      ]
    },
    {
      "module": "module.mssql",
      "mode": "managed",
      "type": "random_id",
      "name": "suffix",
      "provider": "provider[\"registry.terraform.io/hashicorp/random\"]",
      "instances": [
        {
          "index_key": 0,
          "schema_version": 0,
          "attributes": {
            "b64_std": "sp1ecw==",
            "b64_url": "sp1ecw",
            "byte_length": 4,
            "dec": "2996657779",
            "hex": "b29d5e73",
            "id": "sp1ecw",
            "keepers": null,
            "prefix": null
          },
          "sensitive_attributes": []
        }
      ]
    },
    {
      "module": "module.mssql",
      "mode": "managed",
      "type": "random_password",
      "name": "root-password",
      "provider": "provider[\"registry.terraform.io/hashicorp/random\"]",
      "instances": [
        {
          "schema_version": 3,
          "attributes": {
            "bcrypt_hash": "$2a$10$rdteplklzuuULytE8ApQOecYr1pt8Fe9KaCG28uFx/QbjZ/swaZTm",
            "id": "none",
            "keepers": null,
            "length": 8,
            "lower": true,
            "min_lower": 0,
            "min_numeric": 0,
            "min_special": 0,
            "min_upper": 0,
            "number": true,
            "numeric": true,
            "override_special": null,
            "result": "M:RT$3Oi",
            "special": true,
            "upper": true
          },
          "sensitive_attributes": []
        }
      ]
    },
    {
      "module": "module.mssql",
      "mode": "managed",
      "type": "random_password",
      "name": "user-password",
      "provider": "provider[\"registry.terraform.io/hashicorp/random\"]",
      "instances": [
        {
          "schema_version": 3,
          "attributes": {
            "bcrypt_hash": "$2a$10$5dKeayZqB52E0ZwkcmPtmuQFomBMV23ehznhioZtqDT3WCmnbxGDy",
            "id": "none",
            "keepers": null,
            "length": 8,
            "lower": true,
            "min_lower": 0,
            "min_numeric": 0,
            "min_special": 0,
            "min_upper": 0,
            "number": true,
            "numeric": true,
            "override_special": null,
            "result": "[$sLbk$\u003e",
            "special": true,
            "upper": true
          },
          "sensitive_attributes": [],
          "dependencies": [
            "module.mssql.google_sql_database_instance.default",
            "module.mssql.null_resource.module_depends_on",
            "module.mssql.random_id.suffix",
            "module.mssql.random_password.root-password"
          ]
        }
      ]
    }
  ],
  "check_results": null
}
